
Microsoft Visual Studio Solution File, Format Version 12.00
# Visual Studio Version 17
VisualStudioVersion = 17.11.35312.102
MinimumVisualStudioVersion = 10.0.40219.1
Project("{9A19103F-16F7-4668-BE54-9A1E7A4F7556}") = "Makeen._Planner", "Makeen._Planner\Makeen._Planner.csproj", "{DDA492CF-5A69-44AF-A23E-226AD25D0160}"
EndProject
Project("{9A19103F-16F7-4668-BE54-9A1E7A4F7556}") = "Persistence", "Makeen.Planner.Persistence\Persistence.csproj", "{429290F3-E624-4BCF-9CAD-83E7746055FE}"
EndProject
Project("{9A19103F-16F7-4668-BE54-9A1E7A4F7556}") = "Domain", "Makeen.Planner.Domain\Domain.csproj", "{41476F69-C861-4990-AF13-B3C46B4A4E5F}"
EndProject
Project("{FAE04EC0-301F-11D3-BF4B-00C04F79EFBC}") = "Application", "Makeen._Planner.Application\Application.csproj", "{350EB820-3D87-4320-91ED-BF60962E6384}"
EndProject
Project("{2150E333-8FDC-42A3-9474-1A3956D46DE8}") = "0.Host", "0.Host", "{91AE8561-D939-46AC-8C40-5692A93E8E88}"
EndProject
Project("{2150E333-8FDC-42A3-9474-1A3956D46DE8}") = "1.Application", "1.Application", "{FF03D78A-B678-4709-A639-DCF1A580CC8C}"
EndProject
Project("{2150E333-8FDC-42A3-9474-1A3956D46DE8}") = "3.Persistence", "3.Persistence", "{E5956898-A7A5-43D3-80C5-ECF67FFE21BC}"
EndProject
Project("{2150E333-8FDC-42A3-9474-1A3956D46DE8}") = "2.Domain", "2.Domain", "{8AC95858-CD25-4A68-9B07-EBD1EC128FFE}"
EndProject
Project("{2150E333-8FDC-42A3-9474-1A3956D46DE8}") = "4.Infrastructure", "4.Infrastructure", "{77D2518C-348C-46C5-A8B8-D6CE6B896387}"
EndProject
Project("{FAE04EC0-301F-11D3-BF4B-00C04F79EFBC}") = "Infrastructure", "Infrastructure\Infrastructure.csproj", "{F14215B4-F976-4BB2-A70D-1252831B91F5}"
EndProject
Project("{FAE04EC0-301F-11D3-BF4B-00C04F79EFBC}") = "Application.Contracts", "Application.Contracts\Application.Contracts.csproj", "{E6E85853-2901-4A83-B7D0-D0E032F8A71E}"
EndProject
Project("{2150E333-8FDC-42A3-9474-1A3956D46DE8}") = "5.MyAwesomeProjectTests", "5.MyAwesomeProjectTests", "{02EA681E-C7D8-13C7-8484-4AC65E1B71E8}"
EndProject
Project("{FAE04EC0-301F-11D3-BF4B-00C04F79EFBC}") = "MyAwesomeProjectTests", "TaskServiceTests\MyAwesomeProjectTests.csproj", "{D79F5A1C-3A1E-4E5D-B28F-C90818A6385D}"
EndProject
Global
	GlobalSection(SolutionConfigurationPlatforms) = preSolution
		Debug|Any CPU = Debug|Any CPU
		Release|Any CPU = Release|Any CPU
	EndGlobalSection
	GlobalSection(ProjectConfigurationPlatforms) = postSolution
		{DDA492CF-5A69-44AF-A23E-226AD25D0160}.Debug|Any CPU.ActiveCfg = Debug|Any CPU
		{DDA492CF-5A69-44AF-A23E-226AD25D0160}.Debug|Any CPU.Build.0 = Debug|Any CPU
		{DDA492CF-5A69-44AF-A23E-226AD25D0160}.Release|Any CPU.ActiveCfg = Release|Any CPU
		{DDA492CF-5A69-44AF-A23E-226AD25D0160}.Release|Any CPU.Build.0 = Release|Any CPU
		{429290F3-E624-4BCF-9CAD-83E7746055FE}.Debug|Any CPU.ActiveCfg = Debug|Any CPU
		{429290F3-E624-4BCF-9CAD-83E7746055FE}.Debug|Any CPU.Build.0 = Debug|Any CPU
		{429290F3-E624-4BCF-9CAD-83E7746055FE}.Release|Any CPU.ActiveCfg = Release|Any CPU
		{429290F3-E624-4BCF-9CAD-83E7746055FE}.Release|Any CPU.Build.0 = Release|Any CPU
		{41476F69-C861-4990-AF13-B3C46B4A4E5F}.Debug|Any CPU.ActiveCfg = Debug|Any CPU
		{41476F69-C861-4990-AF13-B3C46B4A4E5F}.Debug|Any CPU.Build.0 = Debug|Any CPU
		{41476F69-C861-4990-AF13-B3C46B4A4E5F}.Release|Any CPU.ActiveCfg = Release|Any CPU
		{41476F69-C861-4990-AF13-B3C46B4A4E5F}.Release|Any CPU.Build.0 = Release|Any CPU
		{350EB820-3D87-4320-91ED-BF60962E6384}.Debug|Any CPU.ActiveCfg = Debug|Any CPU
		{350EB820-3D87-4320-91ED-BF60962E6384}.Debug|Any CPU.Build.0 = Debug|Any CPU
		{350EB820-3D87-4320-91ED-BF60962E6384}.Release|Any CPU.ActiveCfg = Release|Any CPU
		{350EB820-3D87-4320-91ED-BF60962E6384}.Release|Any CPU.Build.0 = Release|Any CPU
		{F14215B4-F976-4BB2-A70D-1252831B91F5}.Debug|Any CPU.ActiveCfg = Debug|Any CPU
		{F14215B4-F976-4BB2-A70D-1252831B91F5}.Debug|Any CPU.Build.0 = Debug|Any CPU
		{F14215B4-F976-4BB2-A70D-1252831B91F5}.Release|Any CPU.ActiveCfg = Release|Any CPU
		{F14215B4-F976-4BB2-A70D-1252831B91F5}.Release|Any CPU.Build.0 = Release|Any CPU
		{E6E85853-2901-4A83-B7D0-D0E032F8A71E}.Debug|Any CPU.ActiveCfg = Debug|Any CPU
		{E6E85853-2901-4A83-B7D0-D0E032F8A71E}.Debug|Any CPU.Build.0 = Debug|Any CPU
		{E6E85853-2901-4A83-B7D0-D0E032F8A71E}.Release|Any CPU.ActiveCfg = Release|Any CPU
		{E6E85853-2901-4A83-B7D0-D0E032F8A71E}.Release|Any CPU.Build.0 = Release|Any CPU
		{D79F5A1C-3A1E-4E5D-B28F-C90818A6385D}.Debug|Any CPU.ActiveCfg = Debug|Any CPU
		{D79F5A1C-3A1E-4E5D-B28F-C90818A6385D}.Debug|Any CPU.Build.0 = Debug|Any CPU
		{D79F5A1C-3A1E-4E5D-B28F-C90818A6385D}.Release|Any CPU.ActiveCfg = Release|Any CPU
		{D79F5A1C-3A1E-4E5D-B28F-C90818A6385D}.Release|Any CPU.Build.0 = Release|Any CPU
	EndGlobalSection
	GlobalSection(SolutionProperties) = preSolution
		HideSolutionNode = FALSE
	EndGlobalSection
	GlobalSection(NestedProjects) = preSolution
		{DDA492CF-5A69-44AF-A23E-226AD25D0160} = {91AE8561-D939-46AC-8C40-5692A93E8E88}
		{429290F3-E624-4BCF-9CAD-83E7746055FE} = {E5956898-A7A5-43D3-80C5-ECF67FFE21BC}
		{41476F69-C861-4990-AF13-B3C46B4A4E5F} = {8AC95858-CD25-4A68-9B07-EBD1EC128FFE}
		{350EB820-3D87-4320-91ED-BF60962E6384} = {FF03D78A-B678-4709-A639-DCF1A580CC8C}
		{F14215B4-F976-4BB2-A70D-1252831B91F5} = {77D2518C-348C-46C5-A8B8-D6CE6B896387}
		{E6E85853-2901-4A83-B7D0-D0E032F8A71E} = {FF03D78A-B678-4709-A639-DCF1A580CC8C}
		{D79F5A1C-3A1E-4E5D-B28F-C90818A6385D} = {02EA681E-C7D8-13C7-8484-4AC65E1B71E8}
	EndGlobalSection
	GlobalSection(ExtensibilityGlobals) = postSolution
		SolutionGuid = {F6ABF7A0-771B-4D3F-B695-499B9ADD91C6}
	EndGlobalSection
EndGlobal
